// !$*UTF8*$!
{
	archiveVersion = 1;
	classes = {
	};
	objectVersion = 55;
	objects = {

/* Begin PBXBuildFile section */
		099B9E1127427A0600993BD9 /* AppDelegate.swift in Sources */ = {isa = PBXBuildFile; fileRef = 099B9E1027427A0600993BD9 /* AppDelegate.swift */; };
		099B9E1327427A0600993BD9 /* SceneDelegate.swift in Sources */ = {isa = PBXBuildFile; fileRef = 099B9E1227427A0600993BD9 /* SceneDelegate.swift */; };
		099B9E1A27427A0700993BD9 /* Assets.xcassets in Resources */ = {isa = PBXBuildFile; fileRef = 099B9E1927427A0700993BD9 /* Assets.xcassets */; };
		099B9E1D27427A0700993BD9 /* LaunchScreen.storyboard in Resources */ = {isa = PBXBuildFile; fileRef = 099B9E1B27427A0700993BD9 /* LaunchScreen.storyboard */; };
		099B9E2927427B4100993BD9 /* AuthViewController.swift in Sources */ = {isa = PBXBuildFile; fileRef = 099B9E2827427B4100993BD9 /* AuthViewController.swift */; };
		099B9E2C27427B7500993BD9 /* Extensions.swift in Sources */ = {isa = PBXBuildFile; fileRef = 099B9E2A27427B7500993BD9 /* Extensions.swift */; };
		099B9E2D27427B7500993BD9 /* Constants.swift in Sources */ = {isa = PBXBuildFile; fileRef = 099B9E2B27427B7500993BD9 /* Constants.swift */; };
		099B9E3027427D0700993BD9 /* test.storyboard in Resources */ = {isa = PBXBuildFile; fileRef = 099B9E2F27427D0700993BD9 /* test.storyboard */; };
		099B9E382742808C00993BD9 /* AuthPresenter.swift in Sources */ = {isa = PBXBuildFile; fileRef = 099B9E372742808C00993BD9 /* AuthPresenter.swift */; };
		099B9E3A2742899A00993BD9 /* ModuleBuilder.swift in Sources */ = {isa = PBXBuildFile; fileRef = 099B9E392742899A00993BD9 /* ModuleBuilder.swift */; };
		099B9E412742ACE000993BD9 /* AlertService.swift in Sources */ = {isa = PBXBuildFile; fileRef = 099B9E402742ACE000993BD9 /* AlertService.swift */; };
		3608E32827428DDC007EB286 /* SignUpViewController.swift in Sources */ = {isa = PBXBuildFile; fileRef = 3608E32727428DDC007EB286 /* SignUpViewController.swift */; };
/* End PBXBuildFile section */

/* Begin PBXFileReference section */
		099B9E0D27427A0600993BD9 /* DreamMirror.app */ = {isa = PBXFileReference; explicitFileType = wrapper.application; includeInIndex = 0; path = DreamMirror.app; sourceTree = BUILT_PRODUCTS_DIR; };
		099B9E1027427A0600993BD9 /* AppDelegate.swift */ = {isa = PBXFileReference; lastKnownFileType = sourcecode.swift; path = AppDelegate.swift; sourceTree = "<group>"; };
		099B9E1227427A0600993BD9 /* SceneDelegate.swift */ = {isa = PBXFileReference; lastKnownFileType = sourcecode.swift; path = SceneDelegate.swift; sourceTree = "<group>"; };
		099B9E1927427A0700993BD9 /* Assets.xcassets */ = {isa = PBXFileReference; lastKnownFileType = folder.assetcatalog; path = Assets.xcassets; sourceTree = "<group>"; };
		099B9E1C27427A0700993BD9 /* Base */ = {isa = PBXFileReference; lastKnownFileType = file.storyboard; name = Base; path = Base.lproj/LaunchScreen.storyboard; sourceTree = "<group>"; };
		099B9E1E27427A0700993BD9 /* Info.plist */ = {isa = PBXFileReference; lastKnownFileType = text.plist.xml; path = Info.plist; sourceTree = "<group>"; };
		099B9E2827427B4100993BD9 /* AuthViewController.swift */ = {isa = PBXFileReference; fileEncoding = 4; lastKnownFileType = sourcecode.swift; path = AuthViewController.swift; sourceTree = "<group>"; };
		099B9E2A27427B7500993BD9 /* Extensions.swift */ = {isa = PBXFileReference; fileEncoding = 4; lastKnownFileType = sourcecode.swift; path = Extensions.swift; sourceTree = "<group>"; };
		099B9E2B27427B7500993BD9 /* Constants.swift */ = {isa = PBXFileReference; fileEncoding = 4; lastKnownFileType = sourcecode.swift; path = Constants.swift; sourceTree = "<group>"; };
		099B9E2F27427D0700993BD9 /* test.storyboard */ = {isa = PBXFileReference; lastKnownFileType = file.storyboard; path = test.storyboard; sourceTree = "<group>"; };
		099B9E372742808C00993BD9 /* AuthPresenter.swift */ = {isa = PBXFileReference; lastKnownFileType = sourcecode.swift; path = AuthPresenter.swift; sourceTree = "<group>"; };
		099B9E392742899A00993BD9 /* ModuleBuilder.swift */ = {isa = PBXFileReference; lastKnownFileType = sourcecode.swift; path = ModuleBuilder.swift; sourceTree = "<group>"; };
		099B9E402742ACE000993BD9 /* AlertService.swift */ = {isa = PBXFileReference; lastKnownFileType = sourcecode.swift; path = AlertService.swift; sourceTree = "<group>"; };
		3608E32727428DDC007EB286 /* SignUpViewController.swift */ = {isa = PBXFileReference; lastKnownFileType = sourcecode.swift; path = SignUpViewController.swift; sourceTree = "<group>"; };
/* End PBXFileReference section */

/* Begin PBXFrameworksBuildPhase section */
		099B9E0A27427A0600993BD9 /* Frameworks */ = {
			isa = PBXFrameworksBuildPhase;
			buildActionMask = 2147483647;
			files = (
			);
			runOnlyForDeploymentPostprocessing = 0;
		};
/* End PBXFrameworksBuildPhase section */

/* Begin PBXGroup section */
		099B9E0427427A0600993BD9 = {
			isa = PBXGroup;
			children = (
				099B9E0F27427A0600993BD9 /* DreamMirror */,
				099B9E2E27427CCC00993BD9 /* test */,
				099B9E0E27427A0600993BD9 /* Products */,
			);
			sourceTree = "<group>";
		};
		099B9E0E27427A0600993BD9 /* Products */ = {
			isa = PBXGroup;
			children = (
				099B9E0D27427A0600993BD9 /* DreamMirror.app */,
			);
			name = Products;
			sourceTree = "<group>";
		};
		099B9E0F27427A0600993BD9 /* DreamMirror */ = {
			isa = PBXGroup;
			children = (
				099B9E3F2742ACC700993BD9 /* Services */,
				3608E32527428DBE007EB286 /* SignUpModule */,
				099B9E3127427F4000993BD9 /* AuthModule */,
				099B9E3527427F8100993BD9 /* Utilities */,
				099B9E3627427F9C00993BD9 /* Setup */,
				099B9E1927427A0700993BD9 /* Assets.xcassets */,
				099B9E1B27427A0700993BD9 /* LaunchScreen.storyboard */,
				099B9E1E27427A0700993BD9 /* Info.plist */,
			);
			path = DreamMirror;
			sourceTree = "<group>";
		};
		099B9E2E27427CCC00993BD9 /* test */ = {
			isa = PBXGroup;
			children = (
				099B9E2F27427D0700993BD9 /* test.storyboard */,
			);
			path = test;
			sourceTree = "<group>";
		};
		099B9E3127427F4000993BD9 /* AuthModule */ = {
			isa = PBXGroup;
			children = (
				099B9E3227427F5600993BD9 /* Model */,
				099B9E3327427F6500993BD9 /* Presenter */,
				099B9E3427427F7200993BD9 /* View */,
			);
			path = AuthModule;
			sourceTree = "<group>";
		};
		099B9E3227427F5600993BD9 /* Model */ = {
			isa = PBXGroup;
			children = (
			);
			path = Model;
			sourceTree = "<group>";
		};
		099B9E3327427F6500993BD9 /* Presenter */ = {
			isa = PBXGroup;
			children = (
				099B9E372742808C00993BD9 /* AuthPresenter.swift */,
			);
			path = Presenter;
			sourceTree = "<group>";
		};
		099B9E3427427F7200993BD9 /* View */ = {
			isa = PBXGroup;
			children = (
				099B9E2827427B4100993BD9 /* AuthViewController.swift */,
			);
			path = View;
			sourceTree = "<group>";
		};
		099B9E3527427F8100993BD9 /* Utilities */ = {
			isa = PBXGroup;
			children = (
				099B9E2B27427B7500993BD9 /* Constants.swift */,
				099B9E2A27427B7500993BD9 /* Extensions.swift */,
			);
			path = Utilities;
			sourceTree = "<group>";
		};
		099B9E3627427F9C00993BD9 /* Setup */ = {
			isa = PBXGroup;
			children = (
				099B9E392742899A00993BD9 /* ModuleBuilder.swift */,
				099B9E1027427A0600993BD9 /* AppDelegate.swift */,
				099B9E1227427A0600993BD9 /* SceneDelegate.swift */,
			);
			path = Setup;
			sourceTree = "<group>";
		};
		099B9E3F2742ACC700993BD9 /* Services */ = {
			isa = PBXGroup;
			children = (
				099B9E402742ACE000993BD9 /* AlertService.swift */,
			);
			path = Services;
			sourceTree = "<group>";
		};
		3608E32527428DBE007EB286 /* SignUpModule */ = {
			isa = PBXGroup;
			children = (
				3608E32627428DCA007EB286 /* View */,
			);
			path = SignUpModule;
			sourceTree = "<group>";
		};
		3608E32627428DCA007EB286 /* View */ = {
			isa = PBXGroup;
			children = (
				3608E32727428DDC007EB286 /* SignUpViewController.swift */,
			);
			path = View;
			sourceTree = "<group>";
		};
/* End PBXGroup section */

/* Begin PBXNativeTarget section */
		099B9E0C27427A0600993BD9 /* DreamMirror */ = {
			isa = PBXNativeTarget;
			buildConfigurationList = 099B9E2127427A0700993BD9 /* Build configuration list for PBXNativeTarget "DreamMirror" */;
			buildPhases = (
				099B9E0927427A0600993BD9 /* Sources */,
				099B9E0A27427A0600993BD9 /* Frameworks */,
				099B9E0B27427A0600993BD9 /* Resources */,
			);
			buildRules = (
			);
			dependencies = (
			);
			name = DreamMirror;
			productName = DreamMirror;
			productReference = 099B9E0D27427A0600993BD9 /* DreamMirror.app */;
			productType = "com.apple.product-type.application";
		};
/* End PBXNativeTarget section */

/* Begin PBXProject section */
		099B9E0527427A0600993BD9 /* Project object */ = {
			isa = PBXProject;
			attributes = {
				BuildIndependentTargetsInParallel = 1;
				LastSwiftUpdateCheck = 1310;
				LastUpgradeCheck = 1310;
				TargetAttributes = {
					099B9E0C27427A0600993BD9 = {
						CreatedOnToolsVersion = 13.1;
					};
				};
			};
			buildConfigurationList = 099B9E0827427A0600993BD9 /* Build configuration list for PBXProject "DreamMirror" */;
			compatibilityVersion = "Xcode 13.0";
			developmentRegion = en;
			hasScannedForEncodings = 0;
			knownRegions = (
				en,
				Base,
			);
			mainGroup = 099B9E0427427A0600993BD9;
			productRefGroup = 099B9E0E27427A0600993BD9 /* Products */;
			projectDirPath = "";
			projectRoot = "";
			targets = (
				099B9E0C27427A0600993BD9 /* DreamMirror */,
			);
		};
/* End PBXProject section */

/* Begin PBXResourcesBuildPhase section */
		099B9E0B27427A0600993BD9 /* Resources */ = {
			isa = PBXResourcesBuildPhase;
			buildActionMask = 2147483647;
			files = (
				099B9E1D27427A0700993BD9 /* LaunchScreen.storyboard in Resources */,
				099B9E3027427D0700993BD9 /* test.storyboard in Resources */,
				099B9E1A27427A0700993BD9 /* Assets.xcassets in Resources */,
			);
			runOnlyForDeploymentPostprocessing = 0;
		};
/* End PBXResourcesBuildPhase section */

/* Begin PBXSourcesBuildPhase section */
		099B9E0927427A0600993BD9 /* Sources */ = {
			isa = PBXSourcesBuildPhase;
			buildActionMask = 2147483647;
			files = (
				099B9E2D27427B7500993BD9 /* Constants.swift in Sources */,
				099B9E1127427A0600993BD9 /* AppDelegate.swift in Sources */,
				3608E32827428DDC007EB286 /* SignUpViewController.swift in Sources */,
				099B9E2927427B4100993BD9 /* AuthViewController.swift in Sources */,
				099B9E1327427A0600993BD9 /* SceneDelegate.swift in Sources */,
				099B9E3A2742899A00993BD9 /* ModuleBuilder.swift in Sources */,
				099B9E382742808C00993BD9 /* AuthPresenter.swift in Sources */,
				099B9E412742ACE000993BD9 /* AlertService.swift in Sources */,
				099B9E2C27427B7500993BD9 /* Extensions.swift in Sources */,
			);
			runOnlyForDeploymentPostprocessing = 0;
		};
/* End PBXSourcesBuildPhase section */

/* Begin PBXVariantGroup section */
		099B9E1B27427A0700993BD9 /* LaunchScreen.storyboard */ = {
			isa = PBXVariantGroup;
			children = (
				099B9E1C27427A0700993BD9 /* Base */,
			);
			name = LaunchScreen.storyboard;
			sourceTree = "<group>";
		};
/* End PBXVariantGroup section */

/* Begin XCBuildConfiguration section */
		099B9E1F27427A0700993BD9 /* Debug */ = {
			isa = XCBuildConfiguration;
			buildSettings = {
				ALWAYS_SEARCH_USER_PATHS = NO;
				CLANG_ANALYZER_NONNULL = YES;
				CLANG_ANALYZER_NUMBER_OBJECT_CONVERSION = YES_AGGRESSIVE;
				CLANG_CXX_LANGUAGE_STANDARD = "gnu++17";
				CLANG_CXX_LIBRARY = "libc++";
				CLANG_ENABLE_MODULES = YES;
				CLANG_ENABLE_OBJC_ARC = YES;
				CLANG_ENABLE_OBJC_WEAK = YES;
				CLANG_WARN_BLOCK_CAPTURE_AUTORELEASING = YES;
				CLANG_WARN_BOOL_CONVERSION = YES;
				CLANG_WARN_COMMA = YES;
				CLANG_WARN_CONSTANT_CONVERSION = YES;
				CLANG_WARN_DEPRECATED_OBJC_IMPLEMENTATIONS = YES;
				CLANG_WARN_DIRECT_OBJC_ISA_USAGE = YES_ERROR;
				CLANG_WARN_DOCUMENTATION_COMMENTS = YES;
				CLANG_WARN_EMPTY_BODY = YES;
				CLANG_WARN_ENUM_CONVERSION = YES;
				CLANG_WARN_INFINITE_RECURSION = YES;
				CLANG_WARN_INT_CONVERSION = YES;
				CLANG_WARN_NON_LITERAL_NULL_CONVERSION = YES;
				CLANG_WARN_OBJC_IMPLICIT_RETAIN_SELF = YES;
				CLANG_WARN_OBJC_LITERAL_CONVERSION = YES;
				CLANG_WARN_OBJC_ROOT_CLASS = YES_ERROR;
				CLANG_WARN_QUOTED_INCLUDE_IN_FRAMEWORK_HEADER = YES;
				CLANG_WARN_RANGE_LOOP_ANALYSIS = YES;
				CLANG_WARN_STRICT_PROTOTYPES = YES;
				CLANG_WARN_SUSPICIOUS_MOVE = YES;
				CLANG_WARN_UNGUARDED_AVAILABILITY = YES_AGGRESSIVE;
				CLANG_WARN_UNREACHABLE_CODE = YES;
				CLANG_WARN__DUPLICATE_METHOD_MATCH = YES;
				COPY_PHASE_STRIP = NO;
				DEBUG_INFORMATION_FORMAT = dwarf;
				ENABLE_STRICT_OBJC_MSGSEND = YES;
				ENABLE_TESTABILITY = YES;
				GCC_C_LANGUAGE_STANDARD = gnu11;
				GCC_DYNAMIC_NO_PIC = NO;
				GCC_NO_COMMON_BLOCKS = YES;
				GCC_OPTIMIZATION_LEVEL = 0;
				GCC_PREPROCESSOR_DEFINITIONS = (
					"DEBUG=1",
					"$(inherited)",
				);
				GCC_WARN_64_TO_32_BIT_CONVERSION = YES;
				GCC_WARN_ABOUT_RETURN_TYPE = YES_ERROR;
				GCC_WARN_UNDECLARED_SELECTOR = YES;
				GCC_WARN_UNINITIALIZED_AUTOS = YES_AGGRESSIVE;
				GCC_WARN_UNUSED_FUNCTION = YES;
				GCC_WARN_UNUSED_VARIABLE = YES;
				IPHONEOS_DEPLOYMENT_TARGET = 15.0;
				MTL_ENABLE_DEBUG_INFO = INCLUDE_SOURCE;
				MTL_FAST_MATH = YES;
				ONLY_ACTIVE_ARCH = YES;
				SDKROOT = iphoneos;
				SWIFT_ACTIVE_COMPILATION_CONDITIONS = DEBUG;
				SWIFT_OPTIMIZATION_LEVEL = "-Onone";
			};
			name = Debug;
		};
		099B9E2027427A0700993BD9 /* Release */ = {
			isa = XCBuildConfiguration;
			buildSettings = {
				ALWAYS_SEARCH_USER_PATHS = NO;
				CLANG_ANALYZER_NONNULL = YES;
				CLANG_ANALYZER_NUMBER_OBJECT_CONVERSION = YES_AGGRESSIVE;
				CLANG_CXX_LANGUAGE_STANDARD = "gnu++17";
				CLANG_CXX_LIBRARY = "libc++";
				CLANG_ENABLE_MODULES = YES;
				CLANG_ENABLE_OBJC_ARC = YES;
				CLANG_ENABLE_OBJC_WEAK = YES;
				CLANG_WARN_BLOCK_CAPTURE_AUTORELEASING = YES;
				CLANG_WARN_BOOL_CONVERSION = YES;
				CLANG_WARN_COMMA = YES;
				CLANG_WARN_CONSTANT_CONVERSION = YES;
				CLANG_WARN_DEPRECATED_OBJC_IMPLEMENTATIONS = YES;
				CLANG_WARN_DIRECT_OBJC_ISA_USAGE = YES_ERROR;
				CLANG_WARN_DOCUMENTATION_COMMENTS = YES;
				CLANG_WARN_EMPTY_BODY = YES;
				CLANG_WARN_ENUM_CONVERSION = YES;
				CLANG_WARN_INFINITE_RECURSION = YES;
				CLANG_WARN_INT_CONVERSION = YES;
				CLANG_WARN_NON_LITERAL_NULL_CONVERSION = YES;
				CLANG_WARN_OBJC_IMPLICIT_RETAIN_SELF = YES;
				CLANG_WARN_OBJC_LITERAL_CONVERSION = YES;
				CLANG_WARN_OBJC_ROOT_CLASS = YES_ERROR;
				CLANG_WARN_QUOTED_INCLUDE_IN_FRAMEWORK_HEADER = YES;
				CLANG_WARN_RANGE_LOOP_ANALYSIS = YES;
				CLANG_WARN_STRICT_PROTOTYPES = YES;
				CLANG_WARN_SUSPICIOUS_MOVE = YES;
				CLANG_WARN_UNGUARDED_AVAILABILITY = YES_AGGRESSIVE;
				CLANG_WARN_UNREACHABLE_CODE = YES;
				CLANG_WARN__DUPLICATE_METHOD_MATCH = YES;
				COPY_PHASE_STRIP = NO;
				DEBUG_INFORMATION_FORMAT = "dwarf-with-dsym";
				ENABLE_NS_ASSERTIONS = NO;
				ENABLE_STRICT_OBJC_MSGSEND = YES;
				GCC_C_LANGUAGE_STANDARD = gnu11;
				GCC_NO_COMMON_BLOCKS = YES;
				GCC_WARN_64_TO_32_BIT_CONVERSION = YES;
				GCC_WARN_ABOUT_RETURN_TYPE = YES_ERROR;
				GCC_WARN_UNDECLARED_SELECTOR = YES;
				GCC_WARN_UNINITIALIZED_AUTOS = YES_AGGRESSIVE;
				GCC_WARN_UNUSED_FUNCTION = YES;
				GCC_WARN_UNUSED_VARIABLE = YES;
				IPHONEOS_DEPLOYMENT_TARGET = 15.0;
				MTL_ENABLE_DEBUG_INFO = NO;
				MTL_FAST_MATH = YES;
				SDKROOT = iphoneos;
				SWIFT_COMPILATION_MODE = wholemodule;
				SWIFT_OPTIMIZATION_LEVEL = "-O";
				VALIDATE_PRODUCT = YES;
			};
			name = Release;
		};
		099B9E2227427A0700993BD9 /* Debug */ = {
			isa = XCBuildConfiguration;
			buildSettings = {
				ASSETCATALOG_COMPILER_APPICON_NAME = AppIcon;
				ASSETCATALOG_COMPILER_GLOBAL_ACCENT_COLOR_NAME = AccentColor;
				CODE_SIGN_STYLE = Automatic;
				CURRENT_PROJECT_VERSION = 1;
				GENERATE_INFOPLIST_FILE = YES;
				INFOPLIST_FILE = DreamMirror/Info.plist;
				INFOPLIST_KEY_UIApplicationSupportsIndirectInputEvents = YES;
				INFOPLIST_KEY_UILaunchStoryboardName = LaunchScreen;
				INFOPLIST_KEY_UISupportedInterfaceOrientations_iPad = "UIInterfaceOrientationPortrait UIInterfaceOrientationPortraitUpsideDown UIInterfaceOrientationLandscapeLeft UIInterfaceOrientationLandscapeRight";
				INFOPLIST_KEY_UISupportedInterfaceOrientations_iPhone = "UIInterfaceOrientationPortrait UIInterfaceOrientationLandscapeLeft UIInterfaceOrientationLandscapeRight";
				LD_RUNPATH_SEARCH_PATHS = (
					"$(inherited)",
					"@executable_path/Frameworks",
				);
				MARKETING_VERSION = 1.0;
				PRODUCT_BUNDLE_IDENTIFIER = vk.DreamMirror;
				PRODUCT_NAME = "$(TARGET_NAME)";
				SWIFT_EMIT_LOC_STRINGS = YES;
				SWIFT_VERSION = 5.0;
				TARGETED_DEVICE_FAMILY = "1,2";
			};
			name = Debug;
		};
		099B9E2327427A0700993BD9 /* Release */ = {
			isa = XCBuildConfiguration;
			buildSettings = {
				ASSETCATALOG_COMPILER_APPICON_NAME = AppIcon;
				ASSETCATALOG_COMPILER_GLOBAL_ACCENT_COLOR_NAME = AccentColor;
				CODE_SIGN_STYLE = Automatic;
				CURRENT_PROJECT_VERSION = 1;
				GENERATE_INFOPLIST_FILE = YES;
				INFOPLIST_FILE = DreamMirror/Info.plist;
				INFOPLIST_KEY_UIApplicationSupportsIndirectInputEvents = YES;
				INFOPLIST_KEY_UILaunchStoryboardName = LaunchScreen;
				INFOPLIST_KEY_UISupportedInterfaceOrientations_iPad = "UIInterfaceOrientationPortrait UIInterfaceOrientationPortraitUpsideDown UIInterfaceOrientationLandscapeLeft UIInterfaceOrientationLandscapeRight";
				INFOPLIST_KEY_UISupportedInterfaceOrientations_iPhone = "UIInterfaceOrientationPortrait UIInterfaceOrientationLandscapeLeft UIInterfaceOrientationLandscapeRight";
				LD_RUNPATH_SEARCH_PATHS = (
					"$(inherited)",
					"@executable_path/Frameworks",
				);
				MARKETING_VERSION = 1.0;
				PRODUCT_BUNDLE_IDENTIFIER = vk.DreamMirror;
				PRODUCT_NAME = "$(TARGET_NAME)";
				SWIFT_EMIT_LOC_STRINGS = YES;
				SWIFT_VERSION = 5.0;
				TARGETED_DEVICE_FAMILY = "1,2";
			};
			name = Release;
		};
/* End XCBuildConfiguration section */

/* Begin XCConfigurationList section */
		099B9E0827427A0600993BD9 /* Build configuration list for PBXProject "DreamMirror" */ = {
			isa = XCConfigurationList;
			buildConfigurations = (
				099B9E1F27427A0700993BD9 /* Debug */,
				099B9E2027427A0700993BD9 /* Release */,
			);
			defaultConfigurationIsVisible = 0;
			defaultConfigurationName = Release;
		};
		099B9E2127427A0700993BD9 /* Build configuration list for PBXNativeTarget "DreamMirror" */ = {
			isa = XCConfigurationList;
			buildConfigurations = (
				099B9E2227427A0700993BD9 /* Debug */,
				099B9E2327427A0700993BD9 /* Release */,
			);
			defaultConfigurationIsVisible = 0;
			defaultConfigurationName = Release;
		};
/* End XCConfigurationList section */
	};
	rootObject = 099B9E0527427A0600993BD9 /* Project object */;
}
